
Microsoft Visual Studio Solution File, Format Version 12.00
# Visual Studio Version 16
VisualStudioVersion = 16.0.30503.244
MinimumVisualStudioVersion = 10.0.40219.1
Project("{FAE04EC0-301F-11D3-BF4B-00C04F79EFBC}") = "forTableStorage", "forTableStorage\forTableStorage.csproj", "{029E1BFF-E26D-449A-9447-09EED6D6F350}"
EndProject
Global
	GlobalSection(SolutionConfigurationPlatforms) = preSolution
		Debug|Any CPU = Debug|Any CPU
		Release|Any CPU = Release|Any CPU
	EndGlobalSection
	GlobalSection(ProjectConfigurationPlatforms) = postSolution
		{029E1BFF-E26D-449A-9447-09EED6D6F350}.Debug|Any CPU.ActiveCfg = Debug|Any CPU
		{029E1BFF-E26D-449A-9447-09EED6D6F350}.Debug|Any CPU.Build.0 = Debug|Any CPU
		{029E1BFF-E26D-449A-9447-09EED6D6F350}.Release|Any CPU.ActiveCfg = Release|Any CPU
		{029E1BFF-E26D-449A-9447-09EED6D6F350}.Release|Any CPU.Build.0 = Release|Any CPU
	EndGlobalSection
	GlobalSection(SolutionProperties) = preSolution
		HideSolutionNode = FALSE
	EndGlobalSection
	GlobalSection(ExtensibilityGlobals) = postSolution
		SolutionGuid = {4A0DFBDA-4880-4C75-A5B6-075EEBC6AE12}
	EndGlobalSection
EndGlobal
